
Microsoft Visual Studio Solution File, Format Version 12.00
Project("{FAE04EC0-301F-11D3-BF4B-00C04F79EFBC}") = "12_Farahov_CHW_3_2", "12_Farahov_CHW_3_2\12_Farahov_CHW_3_2.csproj", "{698BF766-1B2E-4256-B14D-5BC77F8DA71F}"
EndProject
Project("{FAE04EC0-301F-11D3-BF4B-00C04F79EFBC}") = "CHWLibrary", "CHWLibrary\CHWLibrary.csproj", "{6B543C34-F61E-4751-A345-D22BF0BB9900}"
EndProject
Project("{FAE04EC0-301F-11D3-BF4B-00C04F79EFBC}") = "InOutProcessing", "InOutProcessing\InOutProcessing.csproj", "{062A2D26-5F84-40CB-AC14-00B86320662A}"
EndProject
Project("{FAE04EC0-301F-11D3-BF4B-00C04F79EFBC}") = "MenuProcessing", "MenuProcessing\MenuProcessing.csproj", "{BF30D18F-CBEC-49ED-BD0F-FFB872C4D75A}"
EndProject
Project("{FAE04EC0-301F-11D3-BF4B-00C04F79EFBC}") = "DataProcessing", "DataProcessing\DataProcessing.csproj", "{65DFD016-27CD-4EBE-A4B9-731D8CAC46EF}"
EndProject
Project("{FAE04EC0-301F-11D3-BF4B-00C04F79EFBC}") = "SaveProcessing", "SaveProcessing\SaveProcessing.csproj", "{E0340C8D-23A8-4A96-A575-C40888805428}"
EndProject
Project("{FAE04EC0-301F-11D3-BF4B-00C04F79EFBC}") = "Checker", "Checker\Checker.csproj", "{57624FD0-082D-4A48-96C8-FFA6E10138B9}"
EndProject
Project("{FAE04EC0-301F-11D3-BF4B-00C04F79EFBC}") = "CustomExceptions", "CustomExceptions\CustomExceptions.csproj", "{2239742A-26E9-413C-BC4C-F3B32FDE75F3}"
EndProject
Global
	GlobalSection(SolutionConfigurationPlatforms) = preSolution
		Debug|Any CPU = Debug|Any CPU
		Release|Any CPU = Release|Any CPU
	EndGlobalSection
	GlobalSection(ProjectConfigurationPlatforms) = postSolution
		{698BF766-1B2E-4256-B14D-5BC77F8DA71F}.Debug|Any CPU.ActiveCfg = Debug|Any CPU
		{698BF766-1B2E-4256-B14D-5BC77F8DA71F}.Debug|Any CPU.Build.0 = Debug|Any CPU
		{698BF766-1B2E-4256-B14D-5BC77F8DA71F}.Release|Any CPU.ActiveCfg = Release|Any CPU
		{698BF766-1B2E-4256-B14D-5BC77F8DA71F}.Release|Any CPU.Build.0 = Release|Any CPU
		{6B543C34-F61E-4751-A345-D22BF0BB9900}.Debug|Any CPU.ActiveCfg = Debug|Any CPU
		{6B543C34-F61E-4751-A345-D22BF0BB9900}.Debug|Any CPU.Build.0 = Debug|Any CPU
		{6B543C34-F61E-4751-A345-D22BF0BB9900}.Release|Any CPU.ActiveCfg = Release|Any CPU
		{6B543C34-F61E-4751-A345-D22BF0BB9900}.Release|Any CPU.Build.0 = Release|Any CPU
		{062A2D26-5F84-40CB-AC14-00B86320662A}.Debug|Any CPU.ActiveCfg = Debug|Any CPU
		{062A2D26-5F84-40CB-AC14-00B86320662A}.Debug|Any CPU.Build.0 = Debug|Any CPU
		{062A2D26-5F84-40CB-AC14-00B86320662A}.Release|Any CPU.ActiveCfg = Release|Any CPU
		{062A2D26-5F84-40CB-AC14-00B86320662A}.Release|Any CPU.Build.0 = Release|Any CPU
		{BF30D18F-CBEC-49ED-BD0F-FFB872C4D75A}.Debug|Any CPU.ActiveCfg = Debug|Any CPU
		{BF30D18F-CBEC-49ED-BD0F-FFB872C4D75A}.Debug|Any CPU.Build.0 = Debug|Any CPU
		{BF30D18F-CBEC-49ED-BD0F-FFB872C4D75A}.Release|Any CPU.ActiveCfg = Release|Any CPU
		{BF30D18F-CBEC-49ED-BD0F-FFB872C4D75A}.Release|Any CPU.Build.0 = Release|Any CPU
		{65DFD016-27CD-4EBE-A4B9-731D8CAC46EF}.Debug|Any CPU.ActiveCfg = Debug|Any CPU
		{65DFD016-27CD-4EBE-A4B9-731D8CAC46EF}.Debug|Any CPU.Build.0 = Debug|Any CPU
		{65DFD016-27CD-4EBE-A4B9-731D8CAC46EF}.Release|Any CPU.ActiveCfg = Release|Any CPU
		{65DFD016-27CD-4EBE-A4B9-731D8CAC46EF}.Release|Any CPU.Build.0 = Release|Any CPU
		{E0340C8D-23A8-4A96-A575-C40888805428}.Debug|Any CPU.ActiveCfg = Debug|Any CPU
		{E0340C8D-23A8-4A96-A575-C40888805428}.Debug|Any CPU.Build.0 = Debug|Any CPU
		{E0340C8D-23A8-4A96-A575-C40888805428}.Release|Any CPU.ActiveCfg = Release|Any CPU
		{E0340C8D-23A8-4A96-A575-C40888805428}.Release|Any CPU.Build.0 = Release|Any CPU
		{57624FD0-082D-4A48-96C8-FFA6E10138B9}.Debug|Any CPU.ActiveCfg = Debug|Any CPU
		{57624FD0-082D-4A48-96C8-FFA6E10138B9}.Debug|Any CPU.Build.0 = Debug|Any CPU
		{57624FD0-082D-4A48-96C8-FFA6E10138B9}.Release|Any CPU.ActiveCfg = Release|Any CPU
		{57624FD0-082D-4A48-96C8-FFA6E10138B9}.Release|Any CPU.Build.0 = Release|Any CPU
		{2239742A-26E9-413C-BC4C-F3B32FDE75F3}.Debug|Any CPU.ActiveCfg = Debug|Any CPU
		{2239742A-26E9-413C-BC4C-F3B32FDE75F3}.Debug|Any CPU.Build.0 = Debug|Any CPU
		{2239742A-26E9-413C-BC4C-F3B32FDE75F3}.Release|Any CPU.ActiveCfg = Release|Any CPU
		{2239742A-26E9-413C-BC4C-F3B32FDE75F3}.Release|Any CPU.Build.0 = Release|Any CPU
	EndGlobalSection
EndGlobal
